// !$*UTF8*$!
{
	archiveVersion = 1;
	classes = {
	};
	objectVersion = 46;
	objects = {

/* Begin PBXBuildFile section */
		FF6BC1921C4EE67400A241E5 /* NaviViewController.swift in Sources */ = {isa = PBXBuildFile; fileRef = FF6BC1911C4EE67400A241E5 /* NaviViewController.swift */; };
		FF6D821A1C4DB243009179FD /* AppDelegate.swift in Sources */ = {isa = PBXBuildFile; fileRef = FF6D82191C4DB243009179FD /* AppDelegate.swift */; };
		FF6D821C1C4DB243009179FD /* ViewController.swift in Sources */ = {isa = PBXBuildFile; fileRef = FF6D821B1C4DB243009179FD /* ViewController.swift */; };
		FF6D821F1C4DB243009179FD /* Main.storyboard in Resources */ = {isa = PBXBuildFile; fileRef = FF6D821D1C4DB243009179FD /* Main.storyboard */; };
		FF6D82211C4DB243009179FD /* Assets.xcassets in Resources */ = {isa = PBXBuildFile; fileRef = FF6D82201C4DB243009179FD /* Assets.xcassets */; };
/* End PBXBuildFile section */

/* Begin PBXFileReference section */
		FF6BC1911C4EE67400A241E5 /* NaviViewController.swift */ = {isa = PBXFileReference; fileEncoding = 4; lastKnownFileType = sourcecode.swift; path = NaviViewController.swift; sourceTree = "<group>"; };
		FF6D82161C4DB243009179FD /* tvMapkit.app */ = {isa = PBXFileReference; explicitFileType = wrapper.application; includeInIndex = 0; path = tvMapkit.app; sourceTree = BUILT_PRODUCTS_DIR; };
		FF6D82191C4DB243009179FD /* AppDelegate.swift */ = {isa = PBXFileReference; lastKnownFileType = sourcecode.swift; path = AppDelegate.swift; sourceTree = "<group>"; };
		FF6D821B1C4DB243009179FD /* ViewController.swift */ = {isa = PBXFileReference; lastKnownFileType = sourcecode.swift; path = ViewController.swift; sourceTree = "<group>"; };
		FF6D821E1C4DB243009179FD /* Base */ = {isa = PBXFileReference; lastKnownFileType = file.storyboard; name = Base; path = Base.lproj/Main.storyboard; sourceTree = "<group>"; };
		FF6D82201C4DB243009179FD /* Assets.xcassets */ = {isa = PBXFileReference; lastKnownFileType = folder.assetcatalog; path = Assets.xcassets; sourceTree = "<group>"; };
		FF6D82221C4DB243009179FD /* Info.plist */ = {isa = PBXFileReference; lastKnownFileType = text.plist.xml; path = Info.plist; sourceTree = "<group>"; };
/* End PBXFileReference section */

/* Begin PBXFrameworksBuildPhase section */
		FF6D82131C4DB243009179FD /* Frameworks */ = {
			isa = PBXFrameworksBuildPhase;
			buildActionMask = 2147483647;
			files = (
			);
			runOnlyForDeploymentPostprocessing = 0;
		};
/* End PBXFrameworksBuildPhase section */

/* Begin PBXGroup section */
		FF6D820D1C4DB243009179FD = {
			isa = PBXGroup;
			children = (
				FF6D82181C4DB243009179FD /* tvMapkit */,
				FF6D82171C4DB243009179FD /* Products */,
			);
			sourceTree = "<group>";
		};
		FF6D82171C4DB243009179FD /* Products */ = {
			isa = PBXGroup;
			children = (
				FF6D82161C4DB243009179FD /* tvMapkit.app */,
			);
			name = Products;
			sourceTree = "<group>";
		};
		FF6D82181C4DB243009179FD /* tvMapkit */ = {
			isa = PBXGroup;
			children = (
				FF6D82191C4DB243009179FD /* AppDelegate.swift */,
				FF6D821B1C4DB243009179FD /* ViewController.swift */,
				FF6BC1911C4EE67400A241E5 /* NaviViewController.swift */,
				FF6D821D1C4DB243009179FD /* Main.storyboard */,
				FF6D82201C4DB243009179FD /* Assets.xcassets */,
				FF6D82221C4DB243009179FD /* Info.plist */,
			);
			path = tvMapkit;
			sourceTree = "<group>";
		};
/* End PBXGroup section */

/* Begin PBXNativeTarget section */
		FF6D82151C4DB243009179FD /* tvMapkit */ = {
			isa = PBXNativeTarget;
			buildConfigurationList = FF6D82251C4DB243009179FD /* Build configuration list for PBXNativeTarget "tvMapkit" */;
			buildPhases = (
				FF6D82121C4DB243009179FD /* Sources */,
				FF6D82131C4DB243009179FD /* Frameworks */,
				FF6D82141C4DB243009179FD /* Resources */,
			);
			buildRules = (
			);
			dependencies = (
			);
			name = tvMapkit;
			productName = tvMapkit;
			productReference = FF6D82161C4DB243009179FD /* tvMapkit.app */;
			productType = "com.apple.product-type.application";
		};
/* End PBXNativeTarget section */

/* Begin PBXProject section */
		FF6D820E1C4DB243009179FD /* Project object */ = {
			isa = PBXProject;
			attributes = {
				LastSwiftUpdateCheck = 0730;
				LastUpgradeCheck = 0730;
				ORGANIZATIONNAME = NewtonJapan;
				TargetAttributes = {
					FF6D82151C4DB243009179FD = {
						CreatedOnToolsVersion = 7.3;
						DevelopmentTeam = P8RDT88SUS;
					};
				};
			};
			buildConfigurationList = FF6D82111C4DB243009179FD /* Build configuration list for PBXProject "tvMapkit" */;
			compatibilityVersion = "Xcode 3.2";
			developmentRegion = English;
			hasScannedForEncodings = 0;
			knownRegions = (
				en,
				Base,
			);
			mainGroup = FF6D820D1C4DB243009179FD;
			productRefGroup = FF6D82171C4DB243009179FD /* Products */;
			projectDirPath = "";
			projectRoot = "";
			targets = (
				FF6D82151C4DB243009179FD /* tvMapkit */,
			);
		};
/* End PBXProject section */

/* Begin PBXResourcesBuildPhase section */
		FF6D82141C4DB243009179FD /* Resources */ = {
			isa = PBXResourcesBuildPhase;
			buildActionMask = 2147483647;
			files = (
				FF6D82211C4DB243009179FD /* Assets.xcassets in Resources */,
				FF6D821F1C4DB243009179FD /* Main.storyboard in Resources */,
			);
			runOnlyForDeploymentPostprocessing = 0;
		};
/* End PBXResourcesBuildPhase section */

/* Begin PBXSourcesBuildPhase section */
		FF6D82121C4DB243009179FD /* Sources */ = {
			isa = PBXSourcesBuildPhase;
			buildActionMask = 2147483647;
			files = (
				FF6D821C1C4DB243009179FD /* ViewController.swift in Sources */,
				FF6BC1921C4EE67400A241E5 /* NaviViewController.swift in Sources */,
				FF6D821A1C4DB243009179FD /* AppDelegate.swift in Sources */,
			);
			runOnlyForDeploymentPostprocessing = 0;
		};
/* End PBXSourcesBuildPhase section */

/* Begin PBXVariantGroup section */
		FF6D821D1C4DB243009179FD /* Main.storyboard */ = {
			isa = PBXVariantGroup;
			children = (
				FF6D821E1C4DB243009179FD /* Base */,
			);
			name = Main.storyboard;
			sourceTree = "<group>";
		};
/* End PBXVariantGroup section */

/* Begin XCBuildConfiguration section */
		FF6D82231C4DB243009179FD /* Debug */ = {
			isa = XCBuildConfiguration;
			buildSettings = {
				ALWAYS_SEARCH_USER_PATHS = NO;
				CLANG_CXX_LANGUAGE_STANDARD = "gnu++0x";
				CLANG_CXX_LIBRARY = "libc++";
				CLANG_ENABLE_MODULES = YES;
				CLANG_ENABLE_OBJC_ARC = YES;
				CLANG_WARN_BOOL_CONVERSION = YES;
				CLANG_WARN_CONSTANT_CONVERSION = YES;
				CLANG_WARN_DIRECT_OBJC_ISA_USAGE = YES_ERROR;
				CLANG_WARN_EMPTY_BODY = YES;
				CLANG_WARN_ENUM_CONVERSION = YES;
				CLANG_WARN_INT_CONVERSION = YES;
				CLANG_WARN_OBJC_ROOT_CLASS = YES_ERROR;
				CLANG_WARN_UNREACHABLE_CODE = YES;
				CLANG_WARN__DUPLICATE_METHOD_MATCH = YES;
				COPY_PHASE_STRIP = NO;
				DEBUG_INFORMATION_FORMAT = dwarf;
				ENABLE_STRICT_OBJC_MSGSEND = YES;
				ENABLE_TESTABILITY = YES;
				GCC_C_LANGUAGE_STANDARD = gnu99;
				GCC_DYNAMIC_NO_PIC = NO;
				GCC_NO_COMMON_BLOCKS = YES;
				GCC_OPTIMIZATION_LEVEL = 0;
				GCC_PREPROCESSOR_DEFINITIONS = (
					"DEBUG=1",
					"$(inherited)",
				);
				GCC_WARN_64_TO_32_BIT_CONVERSION = YES;
				GCC_WARN_ABOUT_RETURN_TYPE = YES_ERROR;
				GCC_WARN_UNDECLARED_SELECTOR = YES;
				GCC_WARN_UNINITIALIZED_AUTOS = YES_AGGRESSIVE;
				GCC_WARN_UNUSED_FUNCTION = YES;
				GCC_WARN_UNUSED_VARIABLE = YES;
				MTL_ENABLE_DEBUG_INFO = YES;
				ONLY_ACTIVE_ARCH = YES;
				SDKROOT = appletvos;
				SWIFT_OPTIMIZATION_LEVEL = "-Onone";
				TARGETED_DEVICE_FAMILY = 3;
				TVOS_DEPLOYMENT_TARGET = 9.2;
			};
			name = Debug;
		};
		FF6D82241C4DB243009179FD /* Release */ = {
			isa = XCBuildConfiguration;
			buildSettings = {
				ALWAYS_SEARCH_USER_PATHS = NO;
				CLANG_CXX_LANGUAGE_STANDARD = "gnu++0x";
				CLANG_CXX_LIBRARY = "libc++";
				CLANG_ENABLE_MODULES = YES;
				CLANG_ENABLE_OBJC_ARC = YES;
				CLANG_WARN_BOOL_CONVERSION = YES;
				CLANG_WARN_CONSTANT_CONVERSION = YES;
				CLANG_WARN_DIRECT_OBJC_ISA_USAGE = YES_ERROR;
				CLANG_WARN_EMPTY_BODY = YES;
				CLANG_WARN_ENUM_CONVERSION = YES;
				CLANG_WARN_INT_CONVERSION = YES;
				CLANG_WARN_OBJC_ROOT_CLASS = YES_ERROR;
				CLANG_WARN_UNREACHABLE_CODE = YES;
				CLANG_WARN__DUPLICATE_METHOD_MATCH = YES;
				COPY_PHASE_STRIP = NO;
				DEBUG_INFORMATION_FORMAT = "dwarf-with-dsym";
				ENABLE_NS_ASSERTIONS = NO;
				ENABLE_STRICT_OBJC_MSGSEND = YES;
				GCC_C_LANGUAGE_STANDARD = gnu99;
				GCC_NO_COMMON_BLOCKS = YES;
				GCC_WARN_64_TO_32_BIT_CONVERSION = YES;
				GCC_WARN_ABOUT_RETURN_TYPE = YES_ERROR;
				GCC_WARN_UNDECLARED_SELECTOR = YES;
				GCC_WARN_UNINITIALIZED_AUTOS = YES_AGGRESSIVE;
				GCC_WARN_UNUSED_FUNCTION = YES;
				GCC_WARN_UNUSED_VARIABLE = YES;
				MTL_ENABLE_DEBUG_INFO = NO;
				SDKROOT = appletvos;
				TARGETED_DEVICE_FAMILY = 3;
				TVOS_DEPLOYMENT_TARGET = 9.2;
				VALIDATE_PRODUCT = YES;
			};
			name = Release;
		};
		FF6D82261C4DB243009179FD /* Debug */ = {
			isa = XCBuildConfiguration;
			buildSettings = {
				ASSETCATALOG_COMPILER_APPICON_NAME = "App Icon & Top Shelf Image";
				ASSETCATALOG_COMPILER_LAUNCHIMAGE_NAME = LaunchImage;
				CODE_SIGN_IDENTITY = "iPhone Developer";
				"CODE_SIGN_IDENTITY[sdk=appletvos*]" = "iPhone Developer";
				INFOPLIST_FILE = tvMapkit/Info.plist;
				LD_RUNPATH_SEARCH_PATHS = "$(inherited) @executable_path/Frameworks";
				PRODUCT_BUNDLE_IDENTIFIER = com.newtonjapan.tvMapkit;
				PRODUCT_NAME = "$(TARGET_NAME)";
				PROVISIONING_PROFILE = "";
			};
			name = Debug;
		};
		FF6D82271C4DB243009179FD /* Release */ = {
			isa = XCBuildConfiguration;
			buildSettings = {
				ASSETCATALOG_COMPILER_APPICON_NAME = "App Icon & Top Shelf Image";
				ASSETCATALOG_COMPILER_LAUNCHIMAGE_NAME = LaunchImage;
				CODE_SIGN_IDENTITY = "iPhone Developer";
				"CODE_SIGN_IDENTITY[sdk=appletvos*]" = "iPhone Developer";
				INFOPLIST_FILE = tvMapkit/Info.plist;
				LD_RUNPATH_SEARCH_PATHS = "$(inherited) @executable_path/Frameworks";
				PRODUCT_BUNDLE_IDENTIFIER = com.newtonjapan.tvMapkit;
				PRODUCT_NAME = "$(TARGET_NAME)";
				PROVISIONING_PROFILE = "";
			};
			name = Release;
		};
/* End XCBuildConfiguration section */

/* Begin XCConfigurationList section */
		FF6D82111C4DB243009179FD /* Build configuration list for PBXProject "tvMapkit" */ = {
			isa = XCConfigurationList;
			buildConfigurations = (
				FF6D82231C4DB243009179FD /* Debug */,
				FF6D82241C4DB243009179FD /* Release */,
			);
			defaultConfigurationIsVisible = 0;
			defaultConfigurationName = Release;
		};
		FF6D82251C4DB243009179FD /* Build configuration list for PBXNativeTarget "tvMapkit" */ = {
			isa = XCConfigurationList;
			buildConfigurations = (
				FF6D82261C4DB243009179FD /* Debug */,
				FF6D82271C4DB243009179FD /* Release */,
			);
			defaultConfigurationIsVisible = 0;
			defaultConfigurationName = Release;
		};
/* End XCConfigurationList section */
	};
	rootObject = FF6D820E1C4DB243009179FD /* Project object */;
}
